// !$*UTF8*$!
{
	archiveVersion = 1;
	classes = {
	};
	objectVersion = 48;
	objects = {

/* Begin PBXBuildFile section */
		B43EB9CD1F90A70B000C6AD8 /* AppDelegate.swift in Sources */ = {isa = PBXBuildFile; fileRef = B43EB9CC1F90A70B000C6AD8 /* AppDelegate.swift */; };
		B43EB9CF1F90A70B000C6AD8 /* CategoriesVC.swift in Sources */ = {isa = PBXBuildFile; fileRef = B43EB9CE1F90A70B000C6AD8 /* CategoriesVC.swift */; };
		B43EB9D21F90A70B000C6AD8 /* Main.storyboard in Resources */ = {isa = PBXBuildFile; fileRef = B43EB9D01F90A70B000C6AD8 /* Main.storyboard */; };
		B43EB9D41F90A70B000C6AD8 /* Assets.xcassets in Resources */ = {isa = PBXBuildFile; fileRef = B43EB9D31F90A70B000C6AD8 /* Assets.xcassets */; };
		B43EB9D71F90A70C000C6AD8 /* LaunchScreen.storyboard in Resources */ = {isa = PBXBuildFile; fileRef = B43EB9D51F90A70C000C6AD8 /* LaunchScreen.storyboard */; };
		B43EB9E41F90B0F2000C6AD8 /* CategoriesCellTableViewCell.swift in Sources */ = {isa = PBXBuildFile; fileRef = B43EB9E31F90B0F2000C6AD8 /* CategoriesCellTableViewCell.swift */; };
/* End PBXBuildFile section */

/* Begin PBXFileReference section */
		B43EB9C91F90A70B000C6AD8 /* shoping app.app */ = {isa = PBXFileReference; explicitFileType = wrapper.application; includeInIndex = 0; path = "shoping app.app"; sourceTree = BUILT_PRODUCTS_DIR; };
		B43EB9CC1F90A70B000C6AD8 /* AppDelegate.swift */ = {isa = PBXFileReference; lastKnownFileType = sourcecode.swift; path = AppDelegate.swift; sourceTree = "<group>"; };
		B43EB9CE1F90A70B000C6AD8 /* CategoriesVC.swift */ = {isa = PBXFileReference; lastKnownFileType = sourcecode.swift; path = CategoriesVC.swift; sourceTree = "<group>"; };
		B43EB9D11F90A70B000C6AD8 /* Base */ = {isa = PBXFileReference; lastKnownFileType = file.storyboard; name = Base; path = Base.lproj/Main.storyboard; sourceTree = "<group>"; };
		B43EB9D31F90A70B000C6AD8 /* Assets.xcassets */ = {isa = PBXFileReference; lastKnownFileType = folder.assetcatalog; path = Assets.xcassets; sourceTree = "<group>"; };
		B43EB9D61F90A70C000C6AD8 /* Base */ = {isa = PBXFileReference; lastKnownFileType = file.storyboard; name = Base; path = Base.lproj/LaunchScreen.storyboard; sourceTree = "<group>"; };
		B43EB9D81F90A70C000C6AD8 /* Info.plist */ = {isa = PBXFileReference; lastKnownFileType = text.plist.xml; path = Info.plist; sourceTree = "<group>"; };
		B43EB9E31F90B0F2000C6AD8 /* CategoriesCellTableViewCell.swift */ = {isa = PBXFileReference; lastKnownFileType = sourcecode.swift; path = CategoriesCellTableViewCell.swift; sourceTree = "<group>"; };
/* End PBXFileReference section */

/* Begin PBXFrameworksBuildPhase section */
		B43EB9C61F90A70B000C6AD8 /* Frameworks */ = {
			isa = PBXFrameworksBuildPhase;
			buildActionMask = 2147483647;
			files = (
			);
			runOnlyForDeploymentPostprocessing = 0;
		};
/* End PBXFrameworksBuildPhase section */

/* Begin PBXGroup section */
		B43EB9C01F90A70B000C6AD8 = {
			isa = PBXGroup;
			children = (
				B43EB9CB1F90A70B000C6AD8 /* shoping app */,
				B43EB9CA1F90A70B000C6AD8 /* Products */,
			);
			sourceTree = "<group>";
		};
		B43EB9CA1F90A70B000C6AD8 /* Products */ = {
			isa = PBXGroup;
			children = (
				B43EB9C91F90A70B000C6AD8 /* shoping app.app */,
			);
			name = Products;
			sourceTree = "<group>";
		};
		B43EB9CB1F90A70B000C6AD8 /* shoping app */ = {
			isa = PBXGroup;
			children = (
				B43EB9E21F90B05E000C6AD8 /* view */,
				B43EB9E11F90B058000C6AD8 /* model */,
				B43EB9E01F90B050000C6AD8 /* controller */,
				B43EB9CC1F90A70B000C6AD8 /* AppDelegate.swift */,
				B43EB9CE1F90A70B000C6AD8 /* CategoriesVC.swift */,
				B43EB9D01F90A70B000C6AD8 /* Main.storyboard */,
				B43EB9D31F90A70B000C6AD8 /* Assets.xcassets */,
				B43EB9D51F90A70C000C6AD8 /* LaunchScreen.storyboard */,
				B43EB9D81F90A70C000C6AD8 /* Info.plist */,
			);
			path = "shoping app";
			sourceTree = "<group>";
		};
		B43EB9E01F90B050000C6AD8 /* controller */ = {
			isa = PBXGroup;
			children = (
			);
			path = controller;
			sourceTree = "<group>";
		};
		B43EB9E11F90B058000C6AD8 /* model */ = {
			isa = PBXGroup;
			children = (
			);
			path = model;
			sourceTree = "<group>";
		};
		B43EB9E21F90B05E000C6AD8 /* view */ = {
			isa = PBXGroup;
			children = (
				B43EB9E31F90B0F2000C6AD8 /* CategoriesCellTableViewCell.swift */,
			);
			path = view;
			sourceTree = "<group>";
		};
/* End PBXGroup section */

/* Begin PBXNativeTarget section */
		B43EB9C81F90A70B000C6AD8 /* shoping app */ = {
			isa = PBXNativeTarget;
			buildConfigurationList = B43EB9DB1F90A70C000C6AD8 /* Build configuration list for PBXNativeTarget "shoping app" */;
			buildPhases = (
				B43EB9C51F90A70B000C6AD8 /* Sources */,
				B43EB9C61F90A70B000C6AD8 /* Frameworks */,
				B43EB9C71F90A70B000C6AD8 /* Resources */,
			);
			buildRules = (
			);
			dependencies = (
			);
			name = "shoping app";
			productName = "shoping app";
			productReference = B43EB9C91F90A70B000C6AD8 /* shoping app.app */;
			productType = "com.apple.product-type.application";
		};
/* End PBXNativeTarget section */

/* Begin PBXProject section */
		B43EB9C11F90A70B000C6AD8 /* Project object */ = {
			isa = PBXProject;
			attributes = {
				LastSwiftUpdateCheck = 0900;
				LastUpgradeCheck = 0900;
				ORGANIZATIONNAME = "Mehran Sahandi";
				TargetAttributes = {
					B43EB9C81F90A70B000C6AD8 = {
						CreatedOnToolsVersion = 9.0;
						ProvisioningStyle = Automatic;
					};
				};
			};
			buildConfigurationList = B43EB9C41F90A70B000C6AD8 /* Build configuration list for PBXProject "shoping app" */;
			compatibilityVersion = "Xcode 8.0";
			developmentRegion = en;
			hasScannedForEncodings = 0;
			knownRegions = (
				en,
				Base,
			);
			mainGroup = B43EB9C01F90A70B000C6AD8;
			productRefGroup = B43EB9CA1F90A70B000C6AD8 /* Products */;
			projectDirPath = "";
			projectRoot = "";
			targets = (
				B43EB9C81F90A70B000C6AD8 /* shoping app */,
			);
		};
/* End PBXProject section */

/* Begin PBXResourcesBuildPhase section */
		B43EB9C71F90A70B000C6AD8 /* Resources */ = {
			isa = PBXResourcesBuildPhase;
			buildActionMask = 2147483647;
			files = (
				B43EB9D71F90A70C000C6AD8 /* LaunchScreen.storyboard in Resources */,
				B43EB9D41F90A70B000C6AD8 /* Assets.xcassets in Resources */,
				B43EB9D21F90A70B000C6AD8 /* Main.storyboard in Resources */,
			);
			runOnlyForDeploymentPostprocessing = 0;
		};
/* End PBXResourcesBuildPhase section */

/* Begin PBXSourcesBuildPhase section */
		B43EB9C51F90A70B000C6AD8 /* Sources */ = {
			isa = PBXSourcesBuildPhase;
			buildActionMask = 2147483647;
			files = (
				B43EB9CF1F90A70B000C6AD8 /* CategoriesVC.swift in Sources */,
				B43EB9E41F90B0F2000C6AD8 /* CategoriesCellTableViewCell.swift in Sources */,
				B43EB9CD1F90A70B000C6AD8 /* AppDelegate.swift in Sources */,
			);
			runOnlyForDeploymentPostprocessing = 0;
		};
/* End PBXSourcesBuildPhase section */

/* Begin PBXVariantGroup section */
		B43EB9D01F90A70B000C6AD8 /* Main.storyboard */ = {
			isa = PBXVariantGroup;
			children = (
				B43EB9D11F90A70B000C6AD8 /* Base */,
			);
			name = Main.storyboard;
			sourceTree = "<group>";
		};
		B43EB9D51F90A70C000C6AD8 /* LaunchScreen.storyboard */ = {
			isa = PBXVariantGroup;
			children = (
				B43EB9D61F90A70C000C6AD8 /* Base */,
			);
			name = LaunchScreen.storyboard;
			sourceTree = "<group>";
		};
/* End PBXVariantGroup section */

/* Begin XCBuildConfiguration section */
		B43EB9D91F90A70C000C6AD8 /* Debug */ = {
			isa = XCBuildConfiguration;
			buildSettings = {
				ALWAYS_SEARCH_USER_PATHS = NO;
				CLANG_ANALYZER_NONNULL = YES;
				CLANG_ANALYZER_NUMBER_OBJECT_CONVERSION = YES_AGGRESSIVE;
				CLANG_CXX_LANGUAGE_STANDARD = "gnu++14";
				CLANG_CXX_LIBRARY = "libc++";
				CLANG_ENABLE_MODULES = YES;
				CLANG_ENABLE_OBJC_ARC = YES;
				CLANG_WARN_BLOCK_CAPTURE_AUTORELEASING = YES;
				CLANG_WARN_BOOL_CONVERSION = YES;
				CLANG_WARN_COMMA = YES;
				CLANG_WARN_CONSTANT_CONVERSION = YES;
				CLANG_WARN_DIRECT_OBJC_ISA_USAGE = YES_ERROR;
				CLANG_WARN_DOCUMENTATION_COMMENTS = YES;
				CLANG_WARN_EMPTY_BODY = YES;
				CLANG_WARN_ENUM_CONVERSION = YES;
				CLANG_WARN_INFINITE_RECURSION = YES;
				CLANG_WARN_INT_CONVERSION = YES;
				CLANG_WARN_NON_LITERAL_NULL_CONVERSION = YES;
				CLANG_WARN_OBJC_LITERAL_CONVERSION = YES;
				CLANG_WARN_OBJC_ROOT_CLASS = YES_ERROR;
				CLANG_WARN_RANGE_LOOP_ANALYSIS = YES;
				CLANG_WARN_STRICT_PROTOTYPES = YES;
				CLANG_WARN_SUSPICIOUS_MOVE = YES;
				CLANG_WARN_UNGUARDED_AVAILABILITY = YES_AGGRESSIVE;
				CLANG_WARN_UNREACHABLE_CODE = YES;
				CLANG_WARN__DUPLICATE_METHOD_MATCH = YES;
				CODE_SIGN_IDENTITY = "iPhone Developer";
				COPY_PHASE_STRIP = NO;
				DEBUG_INFORMATION_FORMAT = dwarf;
				ENABLE_STRICT_OBJC_MSGSEND = YES;
				ENABLE_TESTABILITY = YES;
				GCC_C_LANGUAGE_STANDARD = gnu11;
				GCC_DYNAMIC_NO_PIC = NO;
				GCC_NO_COMMON_BLOCKS = YES;
				GCC_OPTIMIZATION_LEVEL = 0;
				GCC_PREPROCESSOR_DEFINITIONS = (
					"DEBUG=1",
					"$(inherited)",
				);
				GCC_WARN_64_TO_32_BIT_CONVERSION = YES;
				GCC_WARN_ABOUT_RETURN_TYPE = YES_ERROR;
				GCC_WARN_UNDECLARED_SELECTOR = YES;
				GCC_WARN_UNINITIALIZED_AUTOS = YES_AGGRESSIVE;
				GCC_WARN_UNUSED_FUNCTION = YES;
				GCC_WARN_UNUSED_VARIABLE = YES;
				IPHONEOS_DEPLOYMENT_TARGET = 11.0;
				MTL_ENABLE_DEBUG_INFO = YES;
				ONLY_ACTIVE_ARCH = YES;
				SDKROOT = iphoneos;
				SWIFT_ACTIVE_COMPILATION_CONDITIONS = DEBUG;
				SWIFT_OPTIMIZATION_LEVEL = "-Onone";
			};
			name = Debug;
		};
		B43EB9DA1F90A70C000C6AD8 /* Release */ = {
			isa = XCBuildConfiguration;
			buildSettings = {
				ALWAYS_SEARCH_USER_PATHS = NO;
				CLANG_ANALYZER_NONNULL = YES;
				CLANG_ANALYZER_NUMBER_OBJECT_CONVERSION = YES_AGGRESSIVE;
				CLANG_CXX_LANGUAGE_STANDARD = "gnu++14";
				CLANG_CXX_LIBRARY = "libc++";
				CLANG_ENABLE_MODULES = YES;
				CLANG_ENABLE_OBJC_ARC = YES;
				CLANG_WARN_BLOCK_CAPTURE_AUTORELEASING = YES;
				CLANG_WARN_BOOL_CONVERSION = YES;
				CLANG_WARN_COMMA = YES;
				CLANG_WARN_CONSTANT_CONVERSION = YES;
				CLANG_WARN_DIRECT_OBJC_ISA_USAGE = YES_ERROR;
				CLANG_WARN_DOCUMENTATION_COMMENTS = YES;
				CLANG_WARN_EMPTY_BODY = YES;
				CLANG_WARN_ENUM_CONVERSION = YES;
				CLANG_WARN_INFINITE_RECURSION = YES;
				CLANG_WARN_INT_CONVERSION = YES;
				CLANG_WARN_NON_LITERAL_NULL_CONVERSION = YES;
				CLANG_WARN_OBJC_LITERAL_CONVERSION = YES;
				CLANG_WARN_OBJC_ROOT_CLASS = YES_ERROR;
				CLANG_WARN_RANGE_LOOP_ANALYSIS = YES;
				CLANG_WARN_STRICT_PROTOTYPES = YES;
				CLANG_WARN_SUSPICIOUS_MOVE = YES;
				CLANG_WARN_UNGUARDED_AVAILABILITY = YES_AGGRESSIVE;
				CLANG_WARN_UNREACHABLE_CODE = YES;
				CLANG_WARN__DUPLICATE_METHOD_MATCH = YES;
				CODE_SIGN_IDENTITY = "iPhone Developer";
				COPY_PHASE_STRIP = NO;
				DEBUG_INFORMATION_FORMAT = "dwarf-with-dsym";
				ENABLE_NS_ASSERTIONS = NO;
				ENABLE_STRICT_OBJC_MSGSEND = YES;
				GCC_C_LANGUAGE_STANDARD = gnu11;
				GCC_NO_COMMON_BLOCKS = YES;
				GCC_WARN_64_TO_32_BIT_CONVERSION = YES;
				GCC_WARN_ABOUT_RETURN_TYPE = YES_ERROR;
				GCC_WARN_UNDECLARED_SELECTOR = YES;
				GCC_WARN_UNINITIALIZED_AUTOS = YES_AGGRESSIVE;
				GCC_WARN_UNUSED_FUNCTION = YES;
				GCC_WARN_UNUSED_VARIABLE = YES;
				IPHONEOS_DEPLOYMENT_TARGET = 11.0;
				MTL_ENABLE_DEBUG_INFO = NO;
				SDKROOT = iphoneos;
				SWIFT_OPTIMIZATION_LEVEL = "-Owholemodule";
				VALIDATE_PRODUCT = YES;
			};
			name = Release;
		};
		B43EB9DC1F90A70C000C6AD8 /* Debug */ = {
			isa = XCBuildConfiguration;
			buildSettings = {
				ASSETCATALOG_COMPILER_APPICON_NAME = AppIcon;
				CODE_SIGN_STYLE = Automatic;
				INFOPLIST_FILE = "shoping app/Info.plist";
				LD_RUNPATH_SEARCH_PATHS = "$(inherited) @executable_path/Frameworks";
				PRODUCT_BUNDLE_IDENTIFIER = "com.mehran-sahandi.shoping-app";
				PRODUCT_NAME = "$(TARGET_NAME)";
				SWIFT_VERSION = 4.0;
				TARGETED_DEVICE_FAMILY = "1,2";
			};
			name = Debug;
		};
		B43EB9DD1F90A70C000C6AD8 /* Release */ = {
			isa = XCBuildConfiguration;
			buildSettings = {
				ASSETCATALOG_COMPILER_APPICON_NAME = AppIcon;
				CODE_SIGN_STYLE = Automatic;
				INFOPLIST_FILE = "shoping app/Info.plist";
				LD_RUNPATH_SEARCH_PATHS = "$(inherited) @executable_path/Frameworks";
				PRODUCT_BUNDLE_IDENTIFIER = "com.mehran-sahandi.shoping-app";
				PRODUCT_NAME = "$(TARGET_NAME)";
				SWIFT_VERSION = 4.0;
				TARGETED_DEVICE_FAMILY = "1,2";
			};
			name = Release;
		};
/* End XCBuildConfiguration section */

/* Begin XCConfigurationList section */
		B43EB9C41F90A70B000C6AD8 /* Build configuration list for PBXProject "shoping app" */ = {
			isa = XCConfigurationList;
			buildConfigurations = (
				B43EB9D91F90A70C000C6AD8 /* Debug */,
				B43EB9DA1F90A70C000C6AD8 /* Release */,
			);
			defaultConfigurationIsVisible = 0;
			defaultConfigurationName = Release;
		};
		B43EB9DB1F90A70C000C6AD8 /* Build configuration list for PBXNativeTarget "shoping app" */ = {
			isa = XCConfigurationList;
			buildConfigurations = (
				B43EB9DC1F90A70C000C6AD8 /* Debug */,
				B43EB9DD1F90A70C000C6AD8 /* Release */,
			);
			defaultConfigurationIsVisible = 0;
			defaultConfigurationName = Release;
		};
/* End XCConfigurationList section */
	};
	rootObject = B43EB9C11F90A70B000C6AD8 /* Project object */;
}
